
Microsoft Visual Studio Solution File, Format Version 12.00
# Visual Studio Version 17
VisualStudioVersion = 17.7.34031.279
MinimumVisualStudioVersion = 10.0.40219.1
Project("{9A19103F-16F7-4668-BE54-9A1E7A4F7556}") = "WebLayer", "WebLayer\WebLayer.csproj", "{344FB36C-A21F-4F13-A811-AFCD28A8AD66}"
EndProject
Project("{9A19103F-16F7-4668-BE54-9A1E7A4F7556}") = "DataLayer", "DataLayer\DataLayer.csproj", "{0894E1EE-0146-4B2B-A016-89C6AE996FF9}"
EndProject
Project("{9A19103F-16F7-4668-BE54-9A1E7A4F7556}") = "UtilitesLayer", "UtilitesLayer\UtilitesLayer.csproj", "{D662EBDB-6804-4A4A-BDC9-58BF327A9CE9}"
EndProject
Global
	GlobalSection(SolutionConfigurationPlatforms) = preSolution
		Debug|Any CPU = Debug|Any CPU
		Release|Any CPU = Release|Any CPU
	EndGlobalSection
	GlobalSection(ProjectConfigurationPlatforms) = postSolution
		{344FB36C-A21F-4F13-A811-AFCD28A8AD66}.Debug|Any CPU.ActiveCfg = Debug|Any CPU
		{344FB36C-A21F-4F13-A811-AFCD28A8AD66}.Debug|Any CPU.Build.0 = Debug|Any CPU
		{344FB36C-A21F-4F13-A811-AFCD28A8AD66}.Release|Any CPU.ActiveCfg = Release|Any CPU
		{344FB36C-A21F-4F13-A811-AFCD28A8AD66}.Release|Any CPU.Build.0 = Release|Any CPU
		{0894E1EE-0146-4B2B-A016-89C6AE996FF9}.Debug|Any CPU.ActiveCfg = Debug|Any CPU
		{0894E1EE-0146-4B2B-A016-89C6AE996FF9}.Debug|Any CPU.Build.0 = Debug|Any CPU
		{0894E1EE-0146-4B2B-A016-89C6AE996FF9}.Release|Any CPU.ActiveCfg = Release|Any CPU
		{0894E1EE-0146-4B2B-A016-89C6AE996FF9}.Release|Any CPU.Build.0 = Release|Any CPU
		{D662EBDB-6804-4A4A-BDC9-58BF327A9CE9}.Debug|Any CPU.ActiveCfg = Debug|Any CPU
		{D662EBDB-6804-4A4A-BDC9-58BF327A9CE9}.Debug|Any CPU.Build.0 = Debug|Any CPU
		{D662EBDB-6804-4A4A-BDC9-58BF327A9CE9}.Release|Any CPU.ActiveCfg = Release|Any CPU
		{D662EBDB-6804-4A4A-BDC9-58BF327A9CE9}.Release|Any CPU.Build.0 = Release|Any CPU
	EndGlobalSection
	GlobalSection(SolutionProperties) = preSolution
		HideSolutionNode = FALSE
	EndGlobalSection
	GlobalSection(ExtensibilityGlobals) = postSolution
		SolutionGuid = {29981A0B-BE3B-49E9-9173-97DAC0515099}
	EndGlobalSection
EndGlobal
